
Microsoft Visual Studio Solution File, Format Version 12.00
# Visual Studio 15
Project("{FAE04EC0-301F-11D3-BF4B-00C04F79EFBC}") = "Assembly-CSharp-firstpass", "Assembly-CSharp-firstpass.csproj", "{4000CC59-9DA5-1D5E-F83D-A4AB16C4C440}"
EndProject
Project("{FAE04EC0-301F-11D3-BF4B-00C04F79EFBC}") = "Assembly-CSharp-Editor", "Assembly-CSharp-Editor.csproj", "{3168419C-1DE7-1756-E339-7224893FE394}"
EndProject
Project("{FAE04EC0-301F-11D3-BF4B-00C04F79EFBC}") = "Assembly-CSharp", "Assembly-CSharp.csproj", "{8DEDBCD8-7DBC-0782-FB0A-2AE090119A5C}"
EndProject
Global
	GlobalSection(SolutionConfigurationPlatforms) = preSolution
		Debug|Any CPU = Debug|Any CPU
		Release|Any CPU = Release|Any CPU
	EndGlobalSection
	GlobalSection(ProjectConfigurationPlatforms) = postSolution
		{4000CC59-9DA5-1D5E-F83D-A4AB16C4C440}.Debug|Any CPU.ActiveCfg = Debug|Any CPU
		{4000CC59-9DA5-1D5E-F83D-A4AB16C4C440}.Debug|Any CPU.Build.0 = Debug|Any CPU
		{4000CC59-9DA5-1D5E-F83D-A4AB16C4C440}.Release|Any CPU.ActiveCfg = Release|Any CPU
		{4000CC59-9DA5-1D5E-F83D-A4AB16C4C440}.Release|Any CPU.Build.0 = Release|Any CPU
		{3168419C-1DE7-1756-E339-7224893FE394}.Debug|Any CPU.ActiveCfg = Debug|Any CPU
		{3168419C-1DE7-1756-E339-7224893FE394}.Debug|Any CPU.Build.0 = Debug|Any CPU
		{3168419C-1DE7-1756-E339-7224893FE394}.Release|Any CPU.ActiveCfg = Release|Any CPU
		{3168419C-1DE7-1756-E339-7224893FE394}.Release|Any CPU.Build.0 = Release|Any CPU
		{8DEDBCD8-7DBC-0782-FB0A-2AE090119A5C}.Debug|Any CPU.ActiveCfg = Debug|Any CPU
		{8DEDBCD8-7DBC-0782-FB0A-2AE090119A5C}.Debug|Any CPU.Build.0 = Debug|Any CPU
		{8DEDBCD8-7DBC-0782-FB0A-2AE090119A5C}.Release|Any CPU.ActiveCfg = Release|Any CPU
		{8DEDBCD8-7DBC-0782-FB0A-2AE090119A5C}.Release|Any CPU.Build.0 = Release|Any CPU
	EndGlobalSection
	GlobalSection(SolutionProperties) = preSolution
		HideSolutionNode = FALSE
	EndGlobalSection
EndGlobal
